
Microsoft Visual Studio Solution File, Format Version 12.00
# Visual Studio Version 16
VisualStudioVersion = 16.0.30406.217
MinimumVisualStudioVersion = 10.0.40219.1
Project("{FAE04EC0-301F-11D3-BF4B-00C04F79EFBC}") = "Silo", "Silo\Silo.csproj", "{B9754A54-9BF1-45ED-ADBE-7E82B036A6E9}"
EndProject
Project("{FAE04EC0-301F-11D3-BF4B-00C04F79EFBC}") = "Grains", "Grains\Grains.csproj", "{C2BD2A96-3434-41AD-81ED-07FE2343F1A3}"
EndProject
Global
	GlobalSection(SolutionConfigurationPlatforms) = preSolution
		Debug|Any CPU = Debug|Any CPU
		Release|Any CPU = Release|Any CPU
	EndGlobalSection
	GlobalSection(ProjectConfigurationPlatforms) = postSolution
		{B9754A54-9BF1-45ED-ADBE-7E82B036A6E9}.Debug|Any CPU.ActiveCfg = Debug|Any CPU
		{B9754A54-9BF1-45ED-ADBE-7E82B036A6E9}.Debug|Any CPU.Build.0 = Debug|Any CPU
		{B9754A54-9BF1-45ED-ADBE-7E82B036A6E9}.Release|Any CPU.ActiveCfg = Release|Any CPU
		{B9754A54-9BF1-45ED-ADBE-7E82B036A6E9}.Release|Any CPU.Build.0 = Release|Any CPU
		{C2BD2A96-3434-41AD-81ED-07FE2343F1A3}.Debug|Any CPU.ActiveCfg = Debug|Any CPU
		{C2BD2A96-3434-41AD-81ED-07FE2343F1A3}.Debug|Any CPU.Build.0 = Debug|Any CPU
		{C2BD2A96-3434-41AD-81ED-07FE2343F1A3}.Release|Any CPU.ActiveCfg = Release|Any CPU
		{C2BD2A96-3434-41AD-81ED-07FE2343F1A3}.Release|Any CPU.Build.0 = Release|Any CPU
	EndGlobalSection
	GlobalSection(SolutionProperties) = preSolution
		HideSolutionNode = FALSE
	EndGlobalSection
	GlobalSection(ExtensibilityGlobals) = postSolution
		SolutionGuid = {2E9ADDD5-5303-43B9-A260-8B8BF6E3F80A}
	EndGlobalSection
EndGlobal
